
Microsoft Visual Studio Solution File, Format Version 12.00
# Visual Studio Version 17
VisualStudioVersion = 17.8.34408.163
MinimumVisualStudioVersion = 10.0.40219.1
Project("{FAE04EC0-301F-11D3-BF4B-00C04F79EFBC}") = "JUNOROV", "JUNOROV\JUNOROV.csproj", "{62CA1B94-2E29-48CB-A9F9-1B648471A68B}"
EndProject
Global
	GlobalSection(SolutionConfigurationPlatforms) = preSolution
		Debug|Any CPU = Debug|Any CPU
		Release|Any CPU = Release|Any CPU
	EndGlobalSection
	GlobalSection(ProjectConfigurationPlatforms) = postSolution
		{62CA1B94-2E29-48CB-A9F9-1B648471A68B}.Debug|Any CPU.ActiveCfg = Debug|Any CPU
		{62CA1B94-2E29-48CB-A9F9-1B648471A68B}.Debug|Any CPU.Build.0 = Debug|Any CPU
		{62CA1B94-2E29-48CB-A9F9-1B648471A68B}.Release|Any CPU.ActiveCfg = Release|Any CPU
		{62CA1B94-2E29-48CB-A9F9-1B648471A68B}.Release|Any CPU.Build.0 = Release|Any CPU
	EndGlobalSection
	GlobalSection(SolutionProperties) = preSolution
		HideSolutionNode = FALSE
	EndGlobalSection
	GlobalSection(ExtensibilityGlobals) = postSolution
		SolutionGuid = {84E4D357-C495-4DCA-9A2A-0CB418AB5390}
	EndGlobalSection
EndGlobal
